
Microsoft Visual Studio Solution File, Format Version 12.00
# Visual Studio Version 17
VisualStudioVersion = 17.8.34330.188
MinimumVisualStudioVersion = 10.0.40219.1
Project("{FAE04EC0-301F-11D3-BF4B-00C04F79EFBC}") = "RazorPagesScriptureJournal", "RazorPagesScriptureJournal.csproj", "{0575B5C6-E8F5-48C7-9532-CAE7A2BE227F}"
EndProject
Global
	GlobalSection(SolutionConfigurationPlatforms) = preSolution
		Debug|Any CPU = Debug|Any CPU
		Release|Any CPU = Release|Any CPU
	EndGlobalSection
	GlobalSection(ProjectConfigurationPlatforms) = postSolution
		{0575B5C6-E8F5-48C7-9532-CAE7A2BE227F}.Debug|Any CPU.ActiveCfg = Debug|Any CPU
		{0575B5C6-E8F5-48C7-9532-CAE7A2BE227F}.Debug|Any CPU.Build.0 = Debug|Any CPU
		{0575B5C6-E8F5-48C7-9532-CAE7A2BE227F}.Release|Any CPU.ActiveCfg = Release|Any CPU
		{0575B5C6-E8F5-48C7-9532-CAE7A2BE227F}.Release|Any CPU.Build.0 = Release|Any CPU
	EndGlobalSection
	GlobalSection(SolutionProperties) = preSolution
		HideSolutionNode = FALSE
	EndGlobalSection
	GlobalSection(ExtensibilityGlobals) = postSolution
		SolutionGuid = {ED535ABE-390F-4562-BF18-A6254595E972}
	EndGlobalSection
EndGlobal
